
Microsoft Visual Studio Solution File, Format Version 12.00
# Visual Studio Version 16
VisualStudioVersion = 16.0.30804.86
MinimumVisualStudioVersion = 10.0.40219.1
Project("{FAE04EC0-301F-11D3-BF4B-00C04F79EFBC}") = "EstruturaMVC", "EstruturaMVC.csproj", "{5E9650F8-9971-43B7-A6AD-07E2B7D8CF0C}"
EndProject
Global
	GlobalSection(SolutionConfigurationPlatforms) = preSolution
		Debug|Any CPU = Debug|Any CPU
		Release|Any CPU = Release|Any CPU
	EndGlobalSection
	GlobalSection(ProjectConfigurationPlatforms) = postSolution
		{5E9650F8-9971-43B7-A6AD-07E2B7D8CF0C}.Debug|Any CPU.ActiveCfg = Debug|Any CPU
		{5E9650F8-9971-43B7-A6AD-07E2B7D8CF0C}.Debug|Any CPU.Build.0 = Debug|Any CPU
		{5E9650F8-9971-43B7-A6AD-07E2B7D8CF0C}.Release|Any CPU.ActiveCfg = Release|Any CPU
		{5E9650F8-9971-43B7-A6AD-07E2B7D8CF0C}.Release|Any CPU.Build.0 = Release|Any CPU
	EndGlobalSection
	GlobalSection(SolutionProperties) = preSolution
		HideSolutionNode = FALSE
	EndGlobalSection
	GlobalSection(ExtensibilityGlobals) = postSolution
		SolutionGuid = {28546EB5-1825-4F17-A782-B8329E6EA6CD}
	EndGlobalSection
EndGlobal
